
Microsoft Visual Studio Solution File, Format Version 12.00
# Visual Studio Version 17
VisualStudioVersion = 17.2.32526.322
MinimumVisualStudioVersion = 10.0.40219.1
Project("{9A19103F-16F7-4668-BE54-9A1E7A4F7556}") = "MachineLearning_API", "MachineLearning_API\MachineLearning_API.csproj", "{31328315-13E0-4849-9497-28B5116D486D}"
EndProject
Global
	GlobalSection(SolutionConfigurationPlatforms) = preSolution
		Debug|Any CPU = Debug|Any CPU
		Release|Any CPU = Release|Any CPU
	EndGlobalSection
	GlobalSection(ProjectConfigurationPlatforms) = postSolution
		{31328315-13E0-4849-9497-28B5116D486D}.Debug|Any CPU.ActiveCfg = Debug|Any CPU
		{31328315-13E0-4849-9497-28B5116D486D}.Debug|Any CPU.Build.0 = Debug|Any CPU
		{31328315-13E0-4849-9497-28B5116D486D}.Release|Any CPU.ActiveCfg = Release|Any CPU
		{31328315-13E0-4849-9497-28B5116D486D}.Release|Any CPU.Build.0 = Release|Any CPU
	EndGlobalSection
	GlobalSection(SolutionProperties) = preSolution
		HideSolutionNode = FALSE
	EndGlobalSection
	GlobalSection(ExtensibilityGlobals) = postSolution
		SolutionGuid = {560FAB96-6478-4EAC-BC2F-908EA13F949A}
	EndGlobalSection
EndGlobal
